
Microsoft Visual Studio Solution File, Format Version 12.00
# Visual Studio Version 17
VisualStudioVersion = 17.9.34701.34
MinimumVisualStudioVersion = 10.0.40219.1
Project("{FAE04EC0-301F-11D3-BF4B-00C04F79EFBC}") = "BulkyWeb", "BulkyWeb\BulkyWeb.csproj", "{AD41687A-E47D-4476-8B59-090A190F087F}"
EndProject
Global
	GlobalSection(SolutionConfigurationPlatforms) = preSolution
		Debug|Any CPU = Debug|Any CPU
		Release|Any CPU = Release|Any CPU
	EndGlobalSection
	GlobalSection(ProjectConfigurationPlatforms) = postSolution
		{AD41687A-E47D-4476-8B59-090A190F087F}.Debug|Any CPU.ActiveCfg = Debug|Any CPU
		{AD41687A-E47D-4476-8B59-090A190F087F}.Debug|Any CPU.Build.0 = Debug|Any CPU
		{AD41687A-E47D-4476-8B59-090A190F087F}.Release|Any CPU.ActiveCfg = Release|Any CPU
		{AD41687A-E47D-4476-8B59-090A190F087F}.Release|Any CPU.Build.0 = Release|Any CPU
	EndGlobalSection
	GlobalSection(SolutionProperties) = preSolution
		HideSolutionNode = FALSE
	EndGlobalSection
	GlobalSection(ExtensibilityGlobals) = postSolution
		SolutionGuid = {AC23CAC3-DBE2-417D-9E0F-4A7F9D557929}
	EndGlobalSection
EndGlobal
